// !$*UTF8*$!
{
	archiveVersion = 1;
	classes = {
	};
	objectVersion = 55;
	objects = {

/* Begin PBXBuildFile section */
		6E71AB192F8B78ADA0103CF3 /* libPods-ProductsPUITests.a in Frameworks */ = {isa = PBXBuildFile; fileRef = 402B407B4897253D61013B0F /* libPods-ProductsPUITests.a */; };
		7B0D93F5AC1472BFE0E0BB77 /* Pods_ProductsP.framework in Frameworks */ = {isa = PBXBuildFile; fileRef = 9E7CA33DC1F0008822C01A50 /* Pods_ProductsP.framework */; };
		84B3AC5F2995792100698583 /* AppDelegate.swift in Sources */ = {isa = PBXBuildFile; fileRef = 84B3AC5E2995792100698583 /* AppDelegate.swift */; };
		84B3AC612995792100698583 /* SceneDelegate.swift in Sources */ = {isa = PBXBuildFile; fileRef = 84B3AC602995792100698583 /* SceneDelegate.swift */; };
		84B3AC682995792300698583 /* Assets.xcassets in Resources */ = {isa = PBXBuildFile; fileRef = 84B3AC672995792300698583 /* Assets.xcassets */; };
		84B3AC6B2995792300698583 /* LaunchScreen.storyboard in Resources */ = {isa = PBXBuildFile; fileRef = 84B3AC692995792300698583 /* LaunchScreen.storyboard */; };
		84B3AC762995792300698583 /* ProductsPTests.swift in Sources */ = {isa = PBXBuildFile; fileRef = 84B3AC752995792300698583 /* ProductsPTests.swift */; };
		84B3AC802995792300698583 /* ProductsPUITests.swift in Sources */ = {isa = PBXBuildFile; fileRef = 84B3AC7F2995792300698583 /* ProductsPUITests.swift */; };
		84B3AC822995792300698583 /* ProductsPUITestsLaunchTests.swift in Sources */ = {isa = PBXBuildFile; fileRef = 84B3AC812995792300698583 /* ProductsPUITestsLaunchTests.swift */; };
		84B3AC9329957A5100698583 /* Constants.swift in Sources */ = {isa = PBXBuildFile; fileRef = 84B3AC9229957A5100698583 /* Constants.swift */; };
		84B3AC9A29957CCA00698583 /* ProductsListViewModel.swift in Sources */ = {isa = PBXBuildFile; fileRef = 84B3AC9929957CCA00698583 /* ProductsListViewModel.swift */; };
		84B3AC9C29957CE600698583 /* ProductsListViewController.swift in Sources */ = {isa = PBXBuildFile; fileRef = 84B3AC9B29957CE600698583 /* ProductsListViewController.swift */; };
		84B3AC9E29957CF000698583 /* ProductsListViewController.storyboard in Resources */ = {isa = PBXBuildFile; fileRef = 84B3AC9D29957CF000698583 /* ProductsListViewController.storyboard */; };
		84B3ACA029957D0300698583 /* ProductsListModel.swift in Sources */ = {isa = PBXBuildFile; fileRef = 84B3AC9F29957D0300698583 /* ProductsListModel.swift */; };
		84B3ACA229957D1B00698583 /* ProductsListCellView.swift in Sources */ = {isa = PBXBuildFile; fileRef = 84B3ACA129957D1B00698583 /* ProductsListCellView.swift */; };
		84B3ACA429957D2500698583 /* ProductsListCellView.xib in Resources */ = {isa = PBXBuildFile; fileRef = 84B3ACA329957D2500698583 /* ProductsListCellView.xib */; };
		84B3ACA629957D4000698583 /* ProductDetailViewController.swift in Sources */ = {isa = PBXBuildFile; fileRef = 84B3ACA529957D4000698583 /* ProductDetailViewController.swift */; };
		84B3ACA829957D4800698583 /* ProductDetailViewModel.swift in Sources */ = {isa = PBXBuildFile; fileRef = 84B3ACA729957D4800698583 /* ProductDetailViewModel.swift */; };
		84B3ACAA29957D5300698583 /* ProductDetailViewController.storyboard in Resources */ = {isa = PBXBuildFile; fileRef = 84B3ACA929957D5300698583 /* ProductDetailViewController.storyboard */; };
		84B3ACAC29957D6B00698583 /* ProductDetailModel.swift in Sources */ = {isa = PBXBuildFile; fileRef = 84B3ACAB29957D6B00698583 /* ProductDetailModel.swift */; };
		84B3ACAE29957D8B00698583 /* ManagerConnections.swift in Sources */ = {isa = PBXBuildFile; fileRef = 84B3ACAD29957D8B00698583 /* ManagerConnections.swift */; };
		EE6F4BC33DC7A29BE1660197 /* libPods-ProductsPTests.a in Frameworks */ = {isa = PBXBuildFile; fileRef = 09BA60A5F6C6D069A24C55F8 /* libPods-ProductsPTests.a */; };
/* End PBXBuildFile section */

/* Begin PBXContainerItemProxy section */
		84B3AC722995792300698583 /* PBXContainerItemProxy */ = {
			isa = PBXContainerItemProxy;
			containerPortal = 84B3AC532995792100698583 /* Project object */;
			proxyType = 1;
			remoteGlobalIDString = 84B3AC5A2995792100698583;
			remoteInfo = ProductsP;
		};
		84B3AC7C2995792300698583 /* PBXContainerItemProxy */ = {
			isa = PBXContainerItemProxy;
			containerPortal = 84B3AC532995792100698583 /* Project object */;
			proxyType = 1;
			remoteGlobalIDString = 84B3AC5A2995792100698583;
			remoteInfo = ProductsP;
		};
/* End PBXContainerItemProxy section */

/* Begin PBXFileReference section */
		053AE2B2DF64CC12913CDF35 /* Pods-ProductsP.release.xcconfig */ = {isa = PBXFileReference; includeInIndex = 1; lastKnownFileType = text.xcconfig; name = "Pods-ProductsP.release.xcconfig"; path = "Target Support Files/Pods-ProductsP/Pods-ProductsP.release.xcconfig"; sourceTree = "<group>"; };
		09BA60A5F6C6D069A24C55F8 /* libPods-ProductsPTests.a */ = {isa = PBXFileReference; explicitFileType = archive.ar; includeInIndex = 0; path = "libPods-ProductsPTests.a"; sourceTree = BUILT_PRODUCTS_DIR; };
		402B407B4897253D61013B0F /* libPods-ProductsPUITests.a */ = {isa = PBXFileReference; explicitFileType = archive.ar; includeInIndex = 0; path = "libPods-ProductsPUITests.a"; sourceTree = BUILT_PRODUCTS_DIR; };
		63F18623437CE46DB4563563 /* Pods-ProductsPUITests.debug.xcconfig */ = {isa = PBXFileReference; includeInIndex = 1; lastKnownFileType = text.xcconfig; name = "Pods-ProductsPUITests.debug.xcconfig"; path = "Target Support Files/Pods-ProductsPUITests/Pods-ProductsPUITests.debug.xcconfig"; sourceTree = "<group>"; };
		7E525E3E06BA9E742758DE8E /* Pods-ProductsP.debug.xcconfig */ = {isa = PBXFileReference; includeInIndex = 1; lastKnownFileType = text.xcconfig; name = "Pods-ProductsP.debug.xcconfig"; path = "Target Support Files/Pods-ProductsP/Pods-ProductsP.debug.xcconfig"; sourceTree = "<group>"; };
		84B3AC5B2995792100698583 /* ProductsP.app */ = {isa = PBXFileReference; explicitFileType = wrapper.application; includeInIndex = 0; path = ProductsP.app; sourceTree = BUILT_PRODUCTS_DIR; };
		84B3AC5E2995792100698583 /* AppDelegate.swift */ = {isa = PBXFileReference; lastKnownFileType = sourcecode.swift; path = AppDelegate.swift; sourceTree = "<group>"; };
		84B3AC602995792100698583 /* SceneDelegate.swift */ = {isa = PBXFileReference; lastKnownFileType = sourcecode.swift; path = SceneDelegate.swift; sourceTree = "<group>"; };
		84B3AC672995792300698583 /* Assets.xcassets */ = {isa = PBXFileReference; lastKnownFileType = folder.assetcatalog; path = Assets.xcassets; sourceTree = "<group>"; };
		84B3AC6A2995792300698583 /* Base */ = {isa = PBXFileReference; lastKnownFileType = file.storyboard; name = Base; path = Base.lproj/LaunchScreen.storyboard; sourceTree = "<group>"; };
		84B3AC6C2995792300698583 /* Info.plist */ = {isa = PBXFileReference; lastKnownFileType = text.plist.xml; path = Info.plist; sourceTree = "<group>"; };
		84B3AC712995792300698583 /* ProductsPTests.xctest */ = {isa = PBXFileReference; explicitFileType = wrapper.cfbundle; includeInIndex = 0; path = ProductsPTests.xctest; sourceTree = BUILT_PRODUCTS_DIR; };
		84B3AC752995792300698583 /* ProductsPTests.swift */ = {isa = PBXFileReference; lastKnownFileType = sourcecode.swift; path = ProductsPTests.swift; sourceTree = "<group>"; };
		84B3AC7B2995792300698583 /* ProductsPUITests.xctest */ = {isa = PBXFileReference; explicitFileType = wrapper.cfbundle; includeInIndex = 0; path = ProductsPUITests.xctest; sourceTree = BUILT_PRODUCTS_DIR; };
		84B3AC7F2995792300698583 /* ProductsPUITests.swift */ = {isa = PBXFileReference; lastKnownFileType = sourcecode.swift; path = ProductsPUITests.swift; sourceTree = "<group>"; };
		84B3AC812995792300698583 /* ProductsPUITestsLaunchTests.swift */ = {isa = PBXFileReference; lastKnownFileType = sourcecode.swift; path = ProductsPUITestsLaunchTests.swift; sourceTree = "<group>"; };
		84B3AC9229957A5100698583 /* Constants.swift */ = {isa = PBXFileReference; lastKnownFileType = sourcecode.swift; path = Constants.swift; sourceTree = "<group>"; };
		84B3AC9929957CCA00698583 /* ProductsListViewModel.swift */ = {isa = PBXFileReference; lastKnownFileType = sourcecode.swift; path = ProductsListViewModel.swift; sourceTree = "<group>"; };
		84B3AC9B29957CE600698583 /* ProductsListViewController.swift */ = {isa = PBXFileReference; lastKnownFileType = sourcecode.swift; path = ProductsListViewController.swift; sourceTree = "<group>"; };
		84B3AC9D29957CF000698583 /* ProductsListViewController.storyboard */ = {isa = PBXFileReference; lastKnownFileType = file.storyboard; path = ProductsListViewController.storyboard; sourceTree = "<group>"; };
		84B3AC9F29957D0300698583 /* ProductsListModel.swift */ = {isa = PBXFileReference; lastKnownFileType = sourcecode.swift; path = ProductsListModel.swift; sourceTree = "<group>"; };
		84B3ACA129957D1B00698583 /* ProductsListCellView.swift */ = {isa = PBXFileReference; lastKnownFileType = sourcecode.swift; path = ProductsListCellView.swift; sourceTree = "<group>"; };
		84B3ACA329957D2500698583 /* ProductsListCellView.xib */ = {isa = PBXFileReference; lastKnownFileType = file.xib; path = ProductsListCellView.xib; sourceTree = "<group>"; };
		84B3ACA529957D4000698583 /* ProductDetailViewController.swift */ = {isa = PBXFileReference; lastKnownFileType = sourcecode.swift; path = ProductDetailViewController.swift; sourceTree = "<group>"; };
		84B3ACA729957D4800698583 /* ProductDetailViewModel.swift */ = {isa = PBXFileReference; lastKnownFileType = sourcecode.swift; path = ProductDetailViewModel.swift; sourceTree = "<group>"; };
		84B3ACA929957D5300698583 /* ProductDetailViewController.storyboard */ = {isa = PBXFileReference; lastKnownFileType = file.storyboard; path = ProductDetailViewController.storyboard; sourceTree = "<group>"; };
		84B3ACAB29957D6B00698583 /* ProductDetailModel.swift */ = {isa = PBXFileReference; lastKnownFileType = sourcecode.swift; path = ProductDetailModel.swift; sourceTree = "<group>"; };
		84B3ACAD29957D8B00698583 /* ManagerConnections.swift */ = {isa = PBXFileReference; lastKnownFileType = sourcecode.swift; path = ManagerConnections.swift; sourceTree = "<group>"; };
		9E7CA33DC1F0008822C01A50 /* Pods_ProductsP.framework */ = {isa = PBXFileReference; explicitFileType = wrapper.framework; includeInIndex = 0; path = Pods_ProductsP.framework; sourceTree = BUILT_PRODUCTS_DIR; };
		D1A28FC4270516162A00210D /* Pods-ProductsPTests.debug.xcconfig */ = {isa = PBXFileReference; includeInIndex = 1; lastKnownFileType = text.xcconfig; name = "Pods-ProductsPTests.debug.xcconfig"; path = "Target Support Files/Pods-ProductsPTests/Pods-ProductsPTests.debug.xcconfig"; sourceTree = "<group>"; };
		EB0978D10BFF3608363F04C8 /* Pods-ProductsPUITests.release.xcconfig */ = {isa = PBXFileReference; includeInIndex = 1; lastKnownFileType = text.xcconfig; name = "Pods-ProductsPUITests.release.xcconfig"; path = "Target Support Files/Pods-ProductsPUITests/Pods-ProductsPUITests.release.xcconfig"; sourceTree = "<group>"; };
		F8AD3C9497032C403C319081 /* Pods-ProductsPTests.release.xcconfig */ = {isa = PBXFileReference; includeInIndex = 1; lastKnownFileType = text.xcconfig; name = "Pods-ProductsPTests.release.xcconfig"; path = "Target Support Files/Pods-ProductsPTests/Pods-ProductsPTests.release.xcconfig"; sourceTree = "<group>"; };
/* End PBXFileReference section */

/* Begin PBXFrameworksBuildPhase section */
		84B3AC582995792100698583 /* Frameworks */ = {
			isa = PBXFrameworksBuildPhase;
			buildActionMask = 2147483647;
			files = (
				7B0D93F5AC1472BFE0E0BB77 /* Pods_ProductsP.framework in Frameworks */,
			);
			runOnlyForDeploymentPostprocessing = 0;
		};
		84B3AC6E2995792300698583 /* Frameworks */ = {
			isa = PBXFrameworksBuildPhase;
			buildActionMask = 2147483647;
			files = (
				EE6F4BC33DC7A29BE1660197 /* libPods-ProductsPTests.a in Frameworks */,
			);
			runOnlyForDeploymentPostprocessing = 0;
		};
		84B3AC782995792300698583 /* Frameworks */ = {
			isa = PBXFrameworksBuildPhase;
			buildActionMask = 2147483647;
			files = (
				6E71AB192F8B78ADA0103CF3 /* libPods-ProductsPUITests.a in Frameworks */,
			);
			runOnlyForDeploymentPostprocessing = 0;
		};
/* End PBXFrameworksBuildPhase section */

/* Begin PBXGroup section */
		84B3AC522995792100698583 = {
			isa = PBXGroup;
			children = (
				84B3AC5D2995792100698583 /* ProductsP */,
				84B3AC742995792300698583 /* ProductsPTests */,
				84B3AC7E2995792300698583 /* ProductsPUITests */,
				84B3AC5C2995792100698583 /* Products */,
				E34699E84FC214FC0481F289 /* Pods */,
				E2CE7630C06DAA2950CA7D08 /* Frameworks */,
			);
			sourceTree = "<group>";
		};
		84B3AC5C2995792100698583 /* Products */ = {
			isa = PBXGroup;
			children = (
				84B3AC5B2995792100698583 /* ProductsP.app */,
				84B3AC712995792300698583 /* ProductsPTests.xctest */,
				84B3AC7B2995792300698583 /* ProductsPUITests.xctest */,
			);
			name = Products;
			sourceTree = "<group>";
		};
		84B3AC5D2995792100698583 /* ProductsP */ = {
			isa = PBXGroup;
			children = (
				84B3AC5E2995792100698583 /* AppDelegate.swift */,
				84B3AC602995792100698583 /* SceneDelegate.swift */,
				84B3AC8E2995795800698583 /* HttpManager */,
				84B3AC912995797000698583 /* ProductDetail */,
				84B3AC902995796900698583 /* ProductsList */,
				84B3AC8F2995796200698583 /* Resources */,
				84B3AC672995792300698583 /* Assets.xcassets */,
				84B3AC692995792300698583 /* LaunchScreen.storyboard */,
				84B3AC6C2995792300698583 /* Info.plist */,
			);
			path = ProductsP;
			sourceTree = "<group>";
		};
		84B3AC742995792300698583 /* ProductsPTests */ = {
			isa = PBXGroup;
			children = (
				84B3AC752995792300698583 /* ProductsPTests.swift */,
			);
			path = ProductsPTests;
			sourceTree = "<group>";
		};
		84B3AC7E2995792300698583 /* ProductsPUITests */ = {
			isa = PBXGroup;
			children = (
				84B3AC7F2995792300698583 /* ProductsPUITests.swift */,
				84B3AC812995792300698583 /* ProductsPUITestsLaunchTests.swift */,
			);
			path = ProductsPUITests;
			sourceTree = "<group>";
		};
		84B3AC8E2995795800698583 /* HttpManager */ = {
			isa = PBXGroup;
			children = (
				84B3ACAD29957D8B00698583 /* ManagerConnections.swift */,
			);
			path = HttpManager;
			sourceTree = "<group>";
		};
		84B3AC8F2995796200698583 /* Resources */ = {
			isa = PBXGroup;
			children = (
				84B3AC9229957A5100698583 /* Constants.swift */,
			);
			path = Resources;
			sourceTree = "<group>";
		};
		84B3AC902995796900698583 /* ProductsList */ = {
			isa = PBXGroup;
			children = (
				84B3AC9529957C8D00698583 /* Model */,
				84B3AC9429957C8200698583 /* Cell */,
				84B3AC9929957CCA00698583 /* ProductsListViewModel.swift */,
				84B3AC9B29957CE600698583 /* ProductsListViewController.swift */,
				84B3AC9D29957CF000698583 /* ProductsListViewController.storyboard */,
			);
			path = ProductsList;
			sourceTree = "<group>";
		};
		84B3AC912995797000698583 /* ProductDetail */ = {
			isa = PBXGroup;
			children = (
				84B3AC9629957C9200698583 /* Model */,
				84B3ACA529957D4000698583 /* ProductDetailViewController.swift */,
				84B3ACA729957D4800698583 /* ProductDetailViewModel.swift */,
				84B3ACA929957D5300698583 /* ProductDetailViewController.storyboard */,
			);
			path = ProductDetail;
			sourceTree = "<group>";
		};
		84B3AC9429957C8200698583 /* Cell */ = {
			isa = PBXGroup;
			children = (
				84B3ACA129957D1B00698583 /* ProductsListCellView.swift */,
				84B3ACA329957D2500698583 /* ProductsListCellView.xib */,
			);
			path = Cell;
			sourceTree = "<group>";
		};
		84B3AC9529957C8D00698583 /* Model */ = {
			isa = PBXGroup;
			children = (
				84B3AC9F29957D0300698583 /* ProductsListModel.swift */,
			);
			path = Model;
			sourceTree = "<group>";
		};
		84B3AC9629957C9200698583 /* Model */ = {
			isa = PBXGroup;
			children = (
				84B3ACAB29957D6B00698583 /* ProductDetailModel.swift */,
			);
			path = Model;
			sourceTree = "<group>";
		};
		E2CE7630C06DAA2950CA7D08 /* Frameworks */ = {
			isa = PBXGroup;
			children = (
				9E7CA33DC1F0008822C01A50 /* Pods_ProductsP.framework */,
				09BA60A5F6C6D069A24C55F8 /* libPods-ProductsPTests.a */,
				402B407B4897253D61013B0F /* libPods-ProductsPUITests.a */,
			);
			name = Frameworks;
			sourceTree = "<group>";
		};
		E34699E84FC214FC0481F289 /* Pods */ = {
			isa = PBXGroup;
			children = (
				7E525E3E06BA9E742758DE8E /* Pods-ProductsP.debug.xcconfig */,
				053AE2B2DF64CC12913CDF35 /* Pods-ProductsP.release.xcconfig */,
				D1A28FC4270516162A00210D /* Pods-ProductsPTests.debug.xcconfig */,
				F8AD3C9497032C403C319081 /* Pods-ProductsPTests.release.xcconfig */,
				63F18623437CE46DB4563563 /* Pods-ProductsPUITests.debug.xcconfig */,
				EB0978D10BFF3608363F04C8 /* Pods-ProductsPUITests.release.xcconfig */,
			);
			name = Pods;
			path = Pods;
			sourceTree = "<group>";
		};
/* End PBXGroup section */

/* Begin PBXNativeTarget section */
		84B3AC5A2995792100698583 /* ProductsP */ = {
			isa = PBXNativeTarget;
			buildConfigurationList = 84B3AC852995792300698583 /* Build configuration list for PBXNativeTarget "ProductsP" */;
			buildPhases = (
				B2241DCDA5279A847AE2F83E /* [CP] Check Pods Manifest.lock */,
				84B3AC572995792100698583 /* Sources */,
				84B3AC582995792100698583 /* Frameworks */,
				84B3AC592995792100698583 /* Resources */,
				21BD14915E9F218B7FDF33A1 /* [CP] Embed Pods Frameworks */,
			);
			buildRules = (
			);
			dependencies = (
			);
			name = ProductsP;
			productName = ProductsP;
			productReference = 84B3AC5B2995792100698583 /* ProductsP.app */;
			productType = "com.apple.product-type.application";
		};
		84B3AC702995792300698583 /* ProductsPTests */ = {
			isa = PBXNativeTarget;
			buildConfigurationList = 84B3AC882995792300698583 /* Build configuration list for PBXNativeTarget "ProductsPTests" */;
			buildPhases = (
				D17677989242EAD2B58F6D47 /* [CP] Check Pods Manifest.lock */,
				84B3AC6D2995792300698583 /* Sources */,
				84B3AC6E2995792300698583 /* Frameworks */,
				84B3AC6F2995792300698583 /* Resources */,
			);
			buildRules = (
			);
			dependencies = (
				84B3AC732995792300698583 /* PBXTargetDependency */,
			);
			name = ProductsPTests;
			productName = ProductsPTests;
			productReference = 84B3AC712995792300698583 /* ProductsPTests.xctest */;
			productType = "com.apple.product-type.bundle.unit-test";
		};
		84B3AC7A2995792300698583 /* ProductsPUITests */ = {
			isa = PBXNativeTarget;
			buildConfigurationList = 84B3AC8B2995792300698583 /* Build configuration list for PBXNativeTarget "ProductsPUITests" */;
			buildPhases = (
				6C8B6360AD71A4FDC186DCD2 /* [CP] Check Pods Manifest.lock */,
				84B3AC772995792300698583 /* Sources */,
				84B3AC782995792300698583 /* Frameworks */,
				84B3AC792995792300698583 /* Resources */,
			);
			buildRules = (
			);
			dependencies = (
				84B3AC7D2995792300698583 /* PBXTargetDependency */,
			);
			name = ProductsPUITests;
			productName = ProductsPUITests;
			productReference = 84B3AC7B2995792300698583 /* ProductsPUITests.xctest */;
			productType = "com.apple.product-type.bundle.ui-testing";
		};
/* End PBXNativeTarget section */

/* Begin PBXProject section */
		84B3AC532995792100698583 /* Project object */ = {
			isa = PBXProject;
			attributes = {
				BuildIndependentTargetsInParallel = 1;
				LastSwiftUpdateCheck = 1420;
				LastUpgradeCheck = 1420;
				TargetAttributes = {
					84B3AC5A2995792100698583 = {
						CreatedOnToolsVersion = 14.2;
					};
					84B3AC702995792300698583 = {
						CreatedOnToolsVersion = 14.2;
						TestTargetID = 84B3AC5A2995792100698583;
					};
					84B3AC7A2995792300698583 = {
						CreatedOnToolsVersion = 14.2;
						TestTargetID = 84B3AC5A2995792100698583;
					};
				};
			};
			buildConfigurationList = 84B3AC562995792100698583 /* Build configuration list for PBXProject "ProductsP" */;
			compatibilityVersion = "Xcode 13.0";
			developmentRegion = en;
			hasScannedForEncodings = 0;
			knownRegions = (
				en,
				Base,
			);
			mainGroup = 84B3AC522995792100698583;
			productRefGroup = 84B3AC5C2995792100698583 /* Products */;
			projectDirPath = "";
			projectRoot = "";
			targets = (
				84B3AC5A2995792100698583 /* ProductsP */,
				84B3AC702995792300698583 /* ProductsPTests */,
				84B3AC7A2995792300698583 /* ProductsPUITests */,
			);
		};
/* End PBXProject section */

/* Begin PBXResourcesBuildPhase section */
		84B3AC592995792100698583 /* Resources */ = {
			isa = PBXResourcesBuildPhase;
			buildActionMask = 2147483647;
			files = (
				84B3ACA429957D2500698583 /* ProductsListCellView.xib in Resources */,
				84B3AC9E29957CF000698583 /* ProductsListViewController.storyboard in Resources */,
				84B3AC6B2995792300698583 /* LaunchScreen.storyboard in Resources */,
				84B3AC682995792300698583 /* Assets.xcassets in Resources */,
				84B3ACAA29957D5300698583 /* ProductDetailViewController.storyboard in Resources */,
			);
			runOnlyForDeploymentPostprocessing = 0;
		};
		84B3AC6F2995792300698583 /* Resources */ = {
			isa = PBXResourcesBuildPhase;
			buildActionMask = 2147483647;
			files = (
			);
			runOnlyForDeploymentPostprocessing = 0;
		};
		84B3AC792995792300698583 /* Resources */ = {
			isa = PBXResourcesBuildPhase;
			buildActionMask = 2147483647;
			files = (
			);
			runOnlyForDeploymentPostprocessing = 0;
		};
/* End PBXResourcesBuildPhase section */

/* Begin PBXShellScriptBuildPhase section */
		21BD14915E9F218B7FDF33A1 /* [CP] Embed Pods Frameworks */ = {
			isa = PBXShellScriptBuildPhase;
			buildActionMask = 2147483647;
			files = (
			);
			inputFileListPaths = (
				"${PODS_ROOT}/Target Support Files/Pods-ProductsP/Pods-ProductsP-frameworks-${CONFIGURATION}-input-files.xcfilelist",
			);
			name = "[CP] Embed Pods Frameworks";
			outputFileListPaths = (
				"${PODS_ROOT}/Target Support Files/Pods-ProductsP/Pods-ProductsP-frameworks-${CONFIGURATION}-output-files.xcfilelist",
			);
			runOnlyForDeploymentPostprocessing = 0;
			shellPath = /bin/sh;
			shellScript = "\"${PODS_ROOT}/Target Support Files/Pods-ProductsP/Pods-ProductsP-frameworks.sh\"\n";
			showEnvVarsInLog = 0;
		};
		6C8B6360AD71A4FDC186DCD2 /* [CP] Check Pods Manifest.lock */ = {
			isa = PBXShellScriptBuildPhase;
			buildActionMask = 2147483647;
			files = (
			);
			inputFileListPaths = (
			);
			inputPaths = (
				"${PODS_PODFILE_DIR_PATH}/Podfile.lock",
				"${PODS_ROOT}/Manifest.lock",
			);
			name = "[CP] Check Pods Manifest.lock";
			outputFileListPaths = (
			);
			outputPaths = (
				"$(DERIVED_FILE_DIR)/Pods-ProductsPUITests-checkManifestLockResult.txt",
			);
			runOnlyForDeploymentPostprocessing = 0;
			shellPath = /bin/sh;
			shellScript = "diff \"${PODS_PODFILE_DIR_PATH}/Podfile.lock\" \"${PODS_ROOT}/Manifest.lock\" > /dev/null\nif [ $? != 0 ] ; then\n    # print error to STDERR\n    echo \"error: The sandbox is not in sync with the Podfile.lock. Run 'pod install' or update your CocoaPods installation.\" >&2\n    exit 1\nfi\n# This output is used by Xcode 'outputs' to avoid re-running this script phase.\necho \"SUCCESS\" > \"${SCRIPT_OUTPUT_FILE_0}\"\n";
			showEnvVarsInLog = 0;
		};
		B2241DCDA5279A847AE2F83E /* [CP] Check Pods Manifest.lock */ = {
			isa = PBXShellScriptBuildPhase;
			buildActionMask = 2147483647;
			files = (
			);
			inputFileListPaths = (
			);
			inputPaths = (
				"${PODS_PODFILE_DIR_PATH}/Podfile.lock",
				"${PODS_ROOT}/Manifest.lock",
			);
			name = "[CP] Check Pods Manifest.lock";
			outputFileListPaths = (
			);
			outputPaths = (
				"$(DERIVED_FILE_DIR)/Pods-ProductsP-checkManifestLockResult.txt",
			);
			runOnlyForDeploymentPostprocessing = 0;
			shellPath = /bin/sh;
			shellScript = "diff \"${PODS_PODFILE_DIR_PATH}/Podfile.lock\" \"${PODS_ROOT}/Manifest.lock\" > /dev/null\nif [ $? != 0 ] ; then\n    # print error to STDERR\n    echo \"error: The sandbox is not in sync with the Podfile.lock. Run 'pod install' or update your CocoaPods installation.\" >&2\n    exit 1\nfi\n# This output is used by Xcode 'outputs' to avoid re-running this script phase.\necho \"SUCCESS\" > \"${SCRIPT_OUTPUT_FILE_0}\"\n";
			showEnvVarsInLog = 0;
		};
		D17677989242EAD2B58F6D47 /* [CP] Check Pods Manifest.lock */ = {
			isa = PBXShellScriptBuildPhase;
			buildActionMask = 2147483647;
			files = (
			);
			inputFileListPaths = (
			);
			inputPaths = (
				"${PODS_PODFILE_DIR_PATH}/Podfile.lock",
				"${PODS_ROOT}/Manifest.lock",
			);
			name = "[CP] Check Pods Manifest.lock";
			outputFileListPaths = (
			);
			outputPaths = (
				"$(DERIVED_FILE_DIR)/Pods-ProductsPTests-checkManifestLockResult.txt",
			);
			runOnlyForDeploymentPostprocessing = 0;
			shellPath = /bin/sh;
			shellScript = "diff \"${PODS_PODFILE_DIR_PATH}/Podfile.lock\" \"${PODS_ROOT}/Manifest.lock\" > /dev/null\nif [ $? != 0 ] ; then\n    # print error to STDERR\n    echo \"error: The sandbox is not in sync with the Podfile.lock. Run 'pod install' or update your CocoaPods installation.\" >&2\n    exit 1\nfi\n# This output is used by Xcode 'outputs' to avoid re-running this script phase.\necho \"SUCCESS\" > \"${SCRIPT_OUTPUT_FILE_0}\"\n";
			showEnvVarsInLog = 0;
		};
/* End PBXShellScriptBuildPhase section */

/* Begin PBXSourcesBuildPhase section */
		84B3AC572995792100698583 /* Sources */ = {
			isa = PBXSourcesBuildPhase;
			buildActionMask = 2147483647;
			files = (
				84B3ACAC29957D6B00698583 /* ProductDetailModel.swift in Sources */,
				84B3AC5F2995792100698583 /* AppDelegate.swift in Sources */,
				84B3AC9C29957CE600698583 /* ProductsListViewController.swift in Sources */,
				84B3AC612995792100698583 /* SceneDelegate.swift in Sources */,
				84B3AC9329957A5100698583 /* Constants.swift in Sources */,
				84B3AC9A29957CCA00698583 /* ProductsListViewModel.swift in Sources */,
				84B3ACAE29957D8B00698583 /* ManagerConnections.swift in Sources */,
				84B3ACA629957D4000698583 /* ProductDetailViewController.swift in Sources */,
				84B3ACA029957D0300698583 /* ProductsListModel.swift in Sources */,
				84B3ACA229957D1B00698583 /* ProductsListCellView.swift in Sources */,
				84B3ACA829957D4800698583 /* ProductDetailViewModel.swift in Sources */,
			);
			runOnlyForDeploymentPostprocessing = 0;
		};
		84B3AC6D2995792300698583 /* Sources */ = {
			isa = PBXSourcesBuildPhase;
			buildActionMask = 2147483647;
			files = (
				84B3AC762995792300698583 /* ProductsPTests.swift in Sources */,
			);
			runOnlyForDeploymentPostprocessing = 0;
		};
		84B3AC772995792300698583 /* Sources */ = {
			isa = PBXSourcesBuildPhase;
			buildActionMask = 2147483647;
			files = (
				84B3AC802995792300698583 /* ProductsPUITests.swift in Sources */,
				84B3AC822995792300698583 /* ProductsPUITestsLaunchTests.swift in Sources */,
			);
			runOnlyForDeploymentPostprocessing = 0;
		};
/* End PBXSourcesBuildPhase section */

/* Begin PBXTargetDependency section */
		84B3AC732995792300698583 /* PBXTargetDependency */ = {
			isa = PBXTargetDependency;
			target = 84B3AC5A2995792100698583 /* ProductsP */;
			targetProxy = 84B3AC722995792300698583 /* PBXContainerItemProxy */;
		};
		84B3AC7D2995792300698583 /* PBXTargetDependency */ = {
			isa = PBXTargetDependency;
			target = 84B3AC5A2995792100698583 /* ProductsP */;
			targetProxy = 84B3AC7C2995792300698583 /* PBXContainerItemProxy */;
		};
/* End PBXTargetDependency section */

/* Begin PBXVariantGroup section */
		84B3AC692995792300698583 /* LaunchScreen.storyboard */ = {
			isa = PBXVariantGroup;
			children = (
				84B3AC6A2995792300698583 /* Base */,
			);
			name = LaunchScreen.storyboard;
			sourceTree = "<group>";
		};
/* End PBXVariantGroup section */

/* Begin XCBuildConfiguration section */
		84B3AC832995792300698583 /* Debug */ = {
			isa = XCBuildConfiguration;
			buildSettings = {
				ALWAYS_SEARCH_USER_PATHS = NO;
				CLANG_ANALYZER_NONNULL = YES;
				CLANG_ANALYZER_NUMBER_OBJECT_CONVERSION = YES_AGGRESSIVE;
				CLANG_CXX_LANGUAGE_STANDARD = "gnu++20";
				CLANG_ENABLE_MODULES = YES;
				CLANG_ENABLE_OBJC_ARC = YES;
				CLANG_ENABLE_OBJC_WEAK = YES;
				CLANG_WARN_BLOCK_CAPTURE_AUTORELEASING = YES;
				CLANG_WARN_BOOL_CONVERSION = YES;
				CLANG_WARN_COMMA = YES;
				CLANG_WARN_CONSTANT_CONVERSION = YES;
				CLANG_WARN_DEPRECATED_OBJC_IMPLEMENTATIONS = YES;
				CLANG_WARN_DIRECT_OBJC_ISA_USAGE = YES_ERROR;
				CLANG_WARN_DOCUMENTATION_COMMENTS = YES;
				CLANG_WARN_EMPTY_BODY = YES;
				CLANG_WARN_ENUM_CONVERSION = YES;
				CLANG_WARN_INFINITE_RECURSION = YES;
				CLANG_WARN_INT_CONVERSION = YES;
				CLANG_WARN_NON_LITERAL_NULL_CONVERSION = YES;
				CLANG_WARN_OBJC_IMPLICIT_RETAIN_SELF = YES;
				CLANG_WARN_OBJC_LITERAL_CONVERSION = YES;
				CLANG_WARN_OBJC_ROOT_CLASS = YES_ERROR;
				CLANG_WARN_QUOTED_INCLUDE_IN_FRAMEWORK_HEADER = YES;
				CLANG_WARN_RANGE_LOOP_ANALYSIS = YES;
				CLANG_WARN_STRICT_PROTOTYPES = YES;
				CLANG_WARN_SUSPICIOUS_MOVE = YES;
				CLANG_WARN_UNGUARDED_AVAILABILITY = YES_AGGRESSIVE;
				CLANG_WARN_UNREACHABLE_CODE = YES;
				CLANG_WARN__DUPLICATE_METHOD_MATCH = YES;
				COPY_PHASE_STRIP = NO;
				DEBUG_INFORMATION_FORMAT = dwarf;
				ENABLE_STRICT_OBJC_MSGSEND = YES;
				ENABLE_TESTABILITY = YES;
				GCC_C_LANGUAGE_STANDARD = gnu11;
				GCC_DYNAMIC_NO_PIC = NO;
				GCC_NO_COMMON_BLOCKS = YES;
				GCC_OPTIMIZATION_LEVEL = 0;
				GCC_PREPROCESSOR_DEFINITIONS = (
					"DEBUG=1",
					"$(inherited)",
				);
				GCC_WARN_64_TO_32_BIT_CONVERSION = YES;
				GCC_WARN_ABOUT_RETURN_TYPE = YES_ERROR;
				GCC_WARN_UNDECLARED_SELECTOR = YES;
				GCC_WARN_UNINITIALIZED_AUTOS = YES_AGGRESSIVE;
				GCC_WARN_UNUSED_FUNCTION = YES;
				GCC_WARN_UNUSED_VARIABLE = YES;
				IPHONEOS_DEPLOYMENT_TARGET = 14.0;
				MTL_ENABLE_DEBUG_INFO = INCLUDE_SOURCE;
				MTL_FAST_MATH = YES;
				ONLY_ACTIVE_ARCH = YES;
				SDKROOT = iphoneos;
				SWIFT_ACTIVE_COMPILATION_CONDITIONS = DEBUG;
				SWIFT_OPTIMIZATION_LEVEL = "-Onone";
			};
			name = Debug;
		};
		84B3AC842995792300698583 /* Release */ = {
			isa = XCBuildConfiguration;
			buildSettings = {
				ALWAYS_SEARCH_USER_PATHS = NO;
				CLANG_ANALYZER_NONNULL = YES;
				CLANG_ANALYZER_NUMBER_OBJECT_CONVERSION = YES_AGGRESSIVE;
				CLANG_CXX_LANGUAGE_STANDARD = "gnu++20";
				CLANG_ENABLE_MODULES = YES;
				CLANG_ENABLE_OBJC_ARC = YES;
				CLANG_ENABLE_OBJC_WEAK = YES;
				CLANG_WARN_BLOCK_CAPTURE_AUTORELEASING = YES;
				CLANG_WARN_BOOL_CONVERSION = YES;
				CLANG_WARN_COMMA = YES;
				CLANG_WARN_CONSTANT_CONVERSION = YES;
				CLANG_WARN_DEPRECATED_OBJC_IMPLEMENTATIONS = YES;
				CLANG_WARN_DIRECT_OBJC_ISA_USAGE = YES_ERROR;
				CLANG_WARN_DOCUMENTATION_COMMENTS = YES;
				CLANG_WARN_EMPTY_BODY = YES;
				CLANG_WARN_ENUM_CONVERSION = YES;
				CLANG_WARN_INFINITE_RECURSION = YES;
				CLANG_WARN_INT_CONVERSION = YES;
				CLANG_WARN_NON_LITERAL_NULL_CONVERSION = YES;
				CLANG_WARN_OBJC_IMPLICIT_RETAIN_SELF = YES;
				CLANG_WARN_OBJC_LITERAL_CONVERSION = YES;
				CLANG_WARN_OBJC_ROOT_CLASS = YES_ERROR;
				CLANG_WARN_QUOTED_INCLUDE_IN_FRAMEWORK_HEADER = YES;
				CLANG_WARN_RANGE_LOOP_ANALYSIS = YES;
				CLANG_WARN_STRICT_PROTOTYPES = YES;
				CLANG_WARN_SUSPICIOUS_MOVE = YES;
				CLANG_WARN_UNGUARDED_AVAILABILITY = YES_AGGRESSIVE;
				CLANG_WARN_UNREACHABLE_CODE = YES;
				CLANG_WARN__DUPLICATE_METHOD_MATCH = YES;
				COPY_PHASE_STRIP = NO;
				DEBUG_INFORMATION_FORMAT = "dwarf-with-dsym";
				ENABLE_NS_ASSERTIONS = NO;
				ENABLE_STRICT_OBJC_MSGSEND = YES;
				GCC_C_LANGUAGE_STANDARD = gnu11;
				GCC_NO_COMMON_BLOCKS = YES;
				GCC_WARN_64_TO_32_BIT_CONVERSION = YES;
				GCC_WARN_ABOUT_RETURN_TYPE = YES_ERROR;
				GCC_WARN_UNDECLARED_SELECTOR = YES;
				GCC_WARN_UNINITIALIZED_AUTOS = YES_AGGRESSIVE;
				GCC_WARN_UNUSED_FUNCTION = YES;
				GCC_WARN_UNUSED_VARIABLE = YES;
				IPHONEOS_DEPLOYMENT_TARGET = 14.0;
				MTL_ENABLE_DEBUG_INFO = NO;
				MTL_FAST_MATH = YES;
				SDKROOT = iphoneos;
				SWIFT_COMPILATION_MODE = wholemodule;
				SWIFT_OPTIMIZATION_LEVEL = "-O";
				VALIDATE_PRODUCT = YES;
			};
			name = Release;
		};
		84B3AC862995792300698583 /* Debug */ = {
			isa = XCBuildConfiguration;
			baseConfigurationReference = 7E525E3E06BA9E742758DE8E /* Pods-ProductsP.debug.xcconfig */;
			buildSettings = {
				ASSETCATALOG_COMPILER_APPICON_NAME = AppIcon;
				ASSETCATALOG_COMPILER_GLOBAL_ACCENT_COLOR_NAME = AccentColor;
				CODE_SIGN_STYLE = Automatic;
				CURRENT_PROJECT_VERSION = 1;
				DEVELOPMENT_TEAM = 52HR7RVP88;
				GENERATE_INFOPLIST_FILE = YES;
				INFOPLIST_FILE = ProductsP/Info.plist;
				INFOPLIST_KEY_UIApplicationSupportsIndirectInputEvents = YES;
				INFOPLIST_KEY_UIMainStoryboardFile = Main;
				INFOPLIST_KEY_UISupportedInterfaceOrientations_iPad = "UIInterfaceOrientationPortrait UIInterfaceOrientationPortraitUpsideDown UIInterfaceOrientationLandscapeLeft UIInterfaceOrientationLandscapeRight";
				INFOPLIST_KEY_UISupportedInterfaceOrientations_iPhone = "UIInterfaceOrientationPortrait UIInterfaceOrientationLandscapeLeft UIInterfaceOrientationLandscapeRight";
				IPHONEOS_DEPLOYMENT_TARGET = 14.0;
				LD_RUNPATH_SEARCH_PATHS = (
					"$(inherited)",
					"@executable_path/Frameworks",
				);
				MARKETING_VERSION = 1.0;
				PRODUCT_BUNDLE_IDENTIFIER = com.charliOSDev.ProductsP;
				PRODUCT_NAME = "$(TARGET_NAME)";
				SWIFT_EMIT_LOC_STRINGS = YES;
				SWIFT_VERSION = 5.0;
				TARGETED_DEVICE_FAMILY = "1,2";
			};
			name = Debug;
		};
		84B3AC872995792300698583 /* Release */ = {
			isa = XCBuildConfiguration;
			baseConfigurationReference = 053AE2B2DF64CC12913CDF35 /* Pods-ProductsP.release.xcconfig */;
			buildSettings = {
				ASSETCATALOG_COMPILER_APPICON_NAME = AppIcon;
				ASSETCATALOG_COMPILER_GLOBAL_ACCENT_COLOR_NAME = AccentColor;
				CODE_SIGN_STYLE = Automatic;
				CURRENT_PROJECT_VERSION = 1;
				DEVELOPMENT_TEAM = 52HR7RVP88;
				GENERATE_INFOPLIST_FILE = YES;
				INFOPLIST_FILE = ProductsP/Info.plist;
				INFOPLIST_KEY_UIApplicationSupportsIndirectInputEvents = YES;
				INFOPLIST_KEY_UIMainStoryboardFile = Main;
				INFOPLIST_KEY_UISupportedInterfaceOrientations_iPad = "UIInterfaceOrientationPortrait UIInterfaceOrientationPortraitUpsideDown UIInterfaceOrientationLandscapeLeft UIInterfaceOrientationLandscapeRight";
				INFOPLIST_KEY_UISupportedInterfaceOrientations_iPhone = "UIInterfaceOrientationPortrait UIInterfaceOrientationLandscapeLeft UIInterfaceOrientationLandscapeRight";
				IPHONEOS_DEPLOYMENT_TARGET = 14.0;
				LD_RUNPATH_SEARCH_PATHS = (
					"$(inherited)",
					"@executable_path/Frameworks",
				);
				MARKETING_VERSION = 1.0;
				PRODUCT_BUNDLE_IDENTIFIER = com.charliOSDev.ProductsP;
				PRODUCT_NAME = "$(TARGET_NAME)";
				SWIFT_EMIT_LOC_STRINGS = YES;
				SWIFT_VERSION = 5.0;
				TARGETED_DEVICE_FAMILY = "1,2";
			};
			name = Release;
		};
		84B3AC892995792300698583 /* Debug */ = {
			isa = XCBuildConfiguration;
			baseConfigurationReference = D1A28FC4270516162A00210D /* Pods-ProductsPTests.debug.xcconfig */;
			buildSettings = {
				ALWAYS_EMBED_SWIFT_STANDARD_LIBRARIES = YES;
				BUNDLE_LOADER = "$(TEST_HOST)";
				CODE_SIGN_STYLE = Automatic;
				CURRENT_PROJECT_VERSION = 1;
				DEVELOPMENT_TEAM = 52HR7RVP88;
				GENERATE_INFOPLIST_FILE = YES;
				IPHONEOS_DEPLOYMENT_TARGET = 16.2;
				MARKETING_VERSION = 1.0;
				PRODUCT_BUNDLE_IDENTIFIER = com.charliOSDev.ProductsPTests;
				PRODUCT_NAME = "$(TARGET_NAME)";
				SWIFT_EMIT_LOC_STRINGS = NO;
				SWIFT_VERSION = 5.0;
				TARGETED_DEVICE_FAMILY = "1,2";
				TEST_HOST = "$(BUILT_PRODUCTS_DIR)/ProductsP.app/$(BUNDLE_EXECUTABLE_FOLDER_PATH)/ProductsP";
			};
			name = Debug;
		};
		84B3AC8A2995792300698583 /* Release */ = {
			isa = XCBuildConfiguration;
			baseConfigurationReference = F8AD3C9497032C403C319081 /* Pods-ProductsPTests.release.xcconfig */;
			buildSettings = {
				ALWAYS_EMBED_SWIFT_STANDARD_LIBRARIES = YES;
				BUNDLE_LOADER = "$(TEST_HOST)";
				CODE_SIGN_STYLE = Automatic;
				CURRENT_PROJECT_VERSION = 1;
				DEVELOPMENT_TEAM = 52HR7RVP88;
				GENERATE_INFOPLIST_FILE = YES;
				IPHONEOS_DEPLOYMENT_TARGET = 16.2;
				MARKETING_VERSION = 1.0;
				PRODUCT_BUNDLE_IDENTIFIER = com.charliOSDev.ProductsPTests;
				PRODUCT_NAME = "$(TARGET_NAME)";
				SWIFT_EMIT_LOC_STRINGS = NO;
				SWIFT_VERSION = 5.0;
				TARGETED_DEVICE_FAMILY = "1,2";
				TEST_HOST = "$(BUILT_PRODUCTS_DIR)/ProductsP.app/$(BUNDLE_EXECUTABLE_FOLDER_PATH)/ProductsP";
			};
			name = Release;
		};
		84B3AC8C2995792300698583 /* Debug */ = {
			isa = XCBuildConfiguration;
			baseConfigurationReference = 63F18623437CE46DB4563563 /* Pods-ProductsPUITests.debug.xcconfig */;
			buildSettings = {
				ALWAYS_EMBED_SWIFT_STANDARD_LIBRARIES = YES;
				CODE_SIGN_STYLE = Automatic;
				CURRENT_PROJECT_VERSION = 1;
				DEVELOPMENT_TEAM = 52HR7RVP88;
				GENERATE_INFOPLIST_FILE = YES;
				MARKETING_VERSION = 1.0;
				PRODUCT_BUNDLE_IDENTIFIER = com.charliOSDev.ProductsPUITests;
				PRODUCT_NAME = "$(TARGET_NAME)";
				SWIFT_EMIT_LOC_STRINGS = NO;
				SWIFT_VERSION = 5.0;
				TARGETED_DEVICE_FAMILY = "1,2";
				TEST_TARGET_NAME = ProductsP;
			};
			name = Debug;
		};
		84B3AC8D2995792300698583 /* Release */ = {
			isa = XCBuildConfiguration;
			baseConfigurationReference = EB0978D10BFF3608363F04C8 /* Pods-ProductsPUITests.release.xcconfig */;
			buildSettings = {
				ALWAYS_EMBED_SWIFT_STANDARD_LIBRARIES = YES;
				CODE_SIGN_STYLE = Automatic;
				CURRENT_PROJECT_VERSION = 1;
				DEVELOPMENT_TEAM = 52HR7RVP88;
				GENERATE_INFOPLIST_FILE = YES;
				MARKETING_VERSION = 1.0;
				PRODUCT_BUNDLE_IDENTIFIER = com.charliOSDev.ProductsPUITests;
				PRODUCT_NAME = "$(TARGET_NAME)";
				SWIFT_EMIT_LOC_STRINGS = NO;
				SWIFT_VERSION = 5.0;
				TARGETED_DEVICE_FAMILY = "1,2";
				TEST_TARGET_NAME = ProductsP;
			};
			name = Release;
		};
/* End XCBuildConfiguration section */

/* Begin XCConfigurationList section */
		84B3AC562995792100698583 /* Build configuration list for PBXProject "ProductsP" */ = {
			isa = XCConfigurationList;
			buildConfigurations = (
				84B3AC832995792300698583 /* Debug */,
				84B3AC842995792300698583 /* Release */,
			);
			defaultConfigurationIsVisible = 0;
			defaultConfigurationName = Release;
		};
		84B3AC852995792300698583 /* Build configuration list for PBXNativeTarget "ProductsP" */ = {
			isa = XCConfigurationList;
			buildConfigurations = (
				84B3AC862995792300698583 /* Debug */,
				84B3AC872995792300698583 /* Release */,
			);
			defaultConfigurationIsVisible = 0;
			defaultConfigurationName = Release;
		};
		84B3AC882995792300698583 /* Build configuration list for PBXNativeTarget "ProductsPTests" */ = {
			isa = XCConfigurationList;
			buildConfigurations = (
				84B3AC892995792300698583 /* Debug */,
				84B3AC8A2995792300698583 /* Release */,
			);
			defaultConfigurationIsVisible = 0;
			defaultConfigurationName = Release;
		};
		84B3AC8B2995792300698583 /* Build configuration list for PBXNativeTarget "ProductsPUITests" */ = {
			isa = XCConfigurationList;
			buildConfigurations = (
				84B3AC8C2995792300698583 /* Debug */,
				84B3AC8D2995792300698583 /* Release */,
			);
			defaultConfigurationIsVisible = 0;
			defaultConfigurationName = Release;
		};
/* End XCConfigurationList section */
	};
	rootObject = 84B3AC532995792100698583 /* Project object */;
}
